
Microsoft Visual Studio Solution File, Format Version 12.00
# Visual Studio Version 16
VisualStudioVersion = 16.0.31729.503
MinimumVisualStudioVersion = 10.0.40219.1
Project("{8BC9CEB8-8B4A-11D0-8D11-00A0C91BC942}") = "lab2_Server", "lab2\lab2.vcxproj", "{0637ACB6-4D27-493F-9A79-CDE2492BCE45}"
EndProject
Project("{8BC9CEB8-8B4A-11D0-8D11-00A0C91BC942}") = "lab2_Client", "lab2_Client\lab2_Client.vcxproj", "{DEF7E114-063B-4220-A5E3-52A2A9593D23}"
EndProject
Project("{8BC9CEB8-8B4A-11D0-8D11-00A0C91BC942}") = "lab2_Client2", "lab2_Client2\lab2_Client2.vcxproj", "{64C272D0-71DF-44E2-8AC0-37C10656A192}"
EndProject
Global
	GlobalSection(SolutionConfigurationPlatforms) = preSolution
		Debug|x64 = Debug|x64
		Debug|x86 = Debug|x86
		Release|x64 = Release|x64
		Release|x86 = Release|x86
	EndGlobalSection
	GlobalSection(ProjectConfigurationPlatforms) = postSolution
		{0637ACB6-4D27-493F-9A79-CDE2492BCE45}.Debug|x64.ActiveCfg = Debug|x64
		{0637ACB6-4D27-493F-9A79-CDE2492BCE45}.Debug|x64.Build.0 = Debug|x64
		{0637ACB6-4D27-493F-9A79-CDE2492BCE45}.Debug|x86.ActiveCfg = Debug|Win32
		{0637ACB6-4D27-493F-9A79-CDE2492BCE45}.Debug|x86.Build.0 = Debug|Win32
		{0637ACB6-4D27-493F-9A79-CDE2492BCE45}.Release|x64.ActiveCfg = Release|x64
		{0637ACB6-4D27-493F-9A79-CDE2492BCE45}.Release|x64.Build.0 = Release|x64
		{0637ACB6-4D27-493F-9A79-CDE2492BCE45}.Release|x86.ActiveCfg = Release|Win32
		{0637ACB6-4D27-493F-9A79-CDE2492BCE45}.Release|x86.Build.0 = Release|Win32
		{DEF7E114-063B-4220-A5E3-52A2A9593D23}.Debug|x64.ActiveCfg = Debug|x64
		{DEF7E114-063B-4220-A5E3-52A2A9593D23}.Debug|x64.Build.0 = Debug|x64
		{DEF7E114-063B-4220-A5E3-52A2A9593D23}.Debug|x86.ActiveCfg = Debug|Win32
		{DEF7E114-063B-4220-A5E3-52A2A9593D23}.Debug|x86.Build.0 = Debug|Win32
		{DEF7E114-063B-4220-A5E3-52A2A9593D23}.Release|x64.ActiveCfg = Release|x64
		{DEF7E114-063B-4220-A5E3-52A2A9593D23}.Release|x64.Build.0 = Release|x64
		{DEF7E114-063B-4220-A5E3-52A2A9593D23}.Release|x86.ActiveCfg = Release|Win32
		{DEF7E114-063B-4220-A5E3-52A2A9593D23}.Release|x86.Build.0 = Release|Win32
		{64C272D0-71DF-44E2-8AC0-37C10656A192}.Debug|x64.ActiveCfg = Debug|x64
		{64C272D0-71DF-44E2-8AC0-37C10656A192}.Debug|x64.Build.0 = Debug|x64
		{64C272D0-71DF-44E2-8AC0-37C10656A192}.Debug|x86.ActiveCfg = Debug|Win32
		{64C272D0-71DF-44E2-8AC0-37C10656A192}.Debug|x86.Build.0 = Debug|Win32
		{64C272D0-71DF-44E2-8AC0-37C10656A192}.Release|x64.ActiveCfg = Release|x64
		{64C272D0-71DF-44E2-8AC0-37C10656A192}.Release|x64.Build.0 = Release|x64
		{64C272D0-71DF-44E2-8AC0-37C10656A192}.Release|x86.ActiveCfg = Release|Win32
		{64C272D0-71DF-44E2-8AC0-37C10656A192}.Release|x86.Build.0 = Release|Win32
	EndGlobalSection
	GlobalSection(SolutionProperties) = preSolution
		HideSolutionNode = FALSE
	EndGlobalSection
	GlobalSection(ExtensibilityGlobals) = postSolution
		SolutionGuid = {DB32C732-C473-4F22-A7AD-3C20BE035911}
	EndGlobalSection
EndGlobal
